// !$*UTF8*$!
{
	archiveVersion = 1;
	classes = {
	};
	objectVersion = 56;
	objects = {

/* Begin PBXBuildFile section */
		956370842CE5EB9C007BF4CF /* CustomNavBar.swift in Sources */ = {isa = PBXBuildFile; fileRef = 956370832CE5EB9C007BF4CF /* CustomNavBar.swift */; };
		956370882CE60BAC007BF4CF /* Category.swift in Sources */ = {isa = PBXBuildFile; fileRef = 956370872CE60BAC007BF4CF /* Category.swift */; };
		9563708A2CE60BE4007BF4CF /* Task.swift in Sources */ = {isa = PBXBuildFile; fileRef = 956370892CE60BE4007BF4CF /* Task.swift */; };
		95D1D2FF2CE5CFEA00403334 /* TestTaskApp.swift in Sources */ = {isa = PBXBuildFile; fileRef = 95D1D2FE2CE5CFEA00403334 /* TestTaskApp.swift */; };
		95D1D3012CE5CFEA00403334 /* HomeView.swift in Sources */ = {isa = PBXBuildFile; fileRef = 95D1D3002CE5CFEA00403334 /* HomeView.swift */; };
		95D1D3032CE5CFEC00403334 /* Assets.xcassets in Resources */ = {isa = PBXBuildFile; fileRef = 95D1D3022CE5CFEC00403334 /* Assets.xcassets */; };
		95D1D30D2CE5D04400403334 /* CustomTabBar.swift in Sources */ = {isa = PBXBuildFile; fileRef = 95D1D30C2CE5D04400403334 /* CustomTabBar.swift */; };
		95D1D30F2CE5D05900403334 /* RoutineCategoryView.swift in Sources */ = {isa = PBXBuildFile; fileRef = 95D1D30E2CE5D05900403334 /* RoutineCategoryView.swift */; };
		95D1D3112CE5D07E00403334 /* DetailView.swift in Sources */ = {isa = PBXBuildFile; fileRef = 95D1D3102CE5D07E00403334 /* DetailView.swift */; };
		95D1D3132CE5D12100403334 /* RoutineTaskView.swift in Sources */ = {isa = PBXBuildFile; fileRef = 95D1D3122CE5D12100403334 /* RoutineTaskView.swift */; };
/* End PBXBuildFile section */

/* Begin PBXFileReference section */
		956370832CE5EB9C007BF4CF /* CustomNavBar.swift */ = {isa = PBXFileReference; lastKnownFileType = sourcecode.swift; path = CustomNavBar.swift; sourceTree = "<group>"; };
		956370872CE60BAC007BF4CF /* Category.swift */ = {isa = PBXFileReference; lastKnownFileType = sourcecode.swift; path = Category.swift; sourceTree = "<group>"; };
		956370892CE60BE4007BF4CF /* Task.swift */ = {isa = PBXFileReference; lastKnownFileType = sourcecode.swift; path = Task.swift; sourceTree = "<group>"; };
		95D1D2FB2CE5CFEA00403334 /* TestTask.app */ = {isa = PBXFileReference; explicitFileType = wrapper.application; includeInIndex = 0; path = TestTask.app; sourceTree = BUILT_PRODUCTS_DIR; };
		95D1D2FE2CE5CFEA00403334 /* TestTaskApp.swift */ = {isa = PBXFileReference; lastKnownFileType = sourcecode.swift; path = TestTaskApp.swift; sourceTree = "<group>"; };
		95D1D3002CE5CFEA00403334 /* HomeView.swift */ = {isa = PBXFileReference; lastKnownFileType = sourcecode.swift; path = HomeView.swift; sourceTree = "<group>"; };
		95D1D3022CE5CFEC00403334 /* Assets.xcassets */ = {isa = PBXFileReference; lastKnownFileType = folder.assetcatalog; path = Assets.xcassets; sourceTree = "<group>"; };
		95D1D30C2CE5D04400403334 /* CustomTabBar.swift */ = {isa = PBXFileReference; lastKnownFileType = sourcecode.swift; path = CustomTabBar.swift; sourceTree = "<group>"; };
		95D1D30E2CE5D05900403334 /* RoutineCategoryView.swift */ = {isa = PBXFileReference; lastKnownFileType = sourcecode.swift; path = RoutineCategoryView.swift; sourceTree = "<group>"; };
		95D1D3102CE5D07E00403334 /* DetailView.swift */ = {isa = PBXFileReference; lastKnownFileType = sourcecode.swift; path = DetailView.swift; sourceTree = "<group>"; };
		95D1D3122CE5D12100403334 /* RoutineTaskView.swift */ = {isa = PBXFileReference; lastKnownFileType = sourcecode.swift; path = RoutineTaskView.swift; sourceTree = "<group>"; };
/* End PBXFileReference section */

/* Begin PBXFrameworksBuildPhase section */
		95D1D2F82CE5CFEA00403334 /* Frameworks */ = {
			isa = PBXFrameworksBuildPhase;
			buildActionMask = 2147483647;
			files = (
			);
			runOnlyForDeploymentPostprocessing = 0;
		};
/* End PBXFrameworksBuildPhase section */

/* Begin PBXGroup section */
		956370852CE60B92007BF4CF /* UI */ = {
			isa = PBXGroup;
			children = (
				95D1D3002CE5CFEA00403334 /* HomeView.swift */,
				95D1D30E2CE5D05900403334 /* RoutineCategoryView.swift */,
				956370832CE5EB9C007BF4CF /* CustomNavBar.swift */,
				95D1D30C2CE5D04400403334 /* CustomTabBar.swift */,
				95D1D3102CE5D07E00403334 /* DetailView.swift */,
				95D1D3122CE5D12100403334 /* RoutineTaskView.swift */,
			);
			path = UI;
			sourceTree = "<group>";
		};
		956370862CE60B9D007BF4CF /* Models */ = {
			isa = PBXGroup;
			children = (
				956370872CE60BAC007BF4CF /* Category.swift */,
				956370892CE60BE4007BF4CF /* Task.swift */,
			);
			path = Models;
			sourceTree = "<group>";
		};
		95D1D2F22CE5CFEA00403334 = {
			isa = PBXGroup;
			children = (
				95D1D2FD2CE5CFEA00403334 /* TestTask */,
				95D1D2FC2CE5CFEA00403334 /* Products */,
			);
			sourceTree = "<group>";
		};
		95D1D2FC2CE5CFEA00403334 /* Products */ = {
			isa = PBXGroup;
			children = (
				95D1D2FB2CE5CFEA00403334 /* TestTask.app */,
			);
			name = Products;
			sourceTree = "<group>";
		};
		95D1D2FD2CE5CFEA00403334 /* TestTask */ = {
			isa = PBXGroup;
			children = (
				95D1D2FE2CE5CFEA00403334 /* TestTaskApp.swift */,
				956370852CE60B92007BF4CF /* UI */,
				956370862CE60B9D007BF4CF /* Models */,
				95D1D3022CE5CFEC00403334 /* Assets.xcassets */,
			);
			path = TestTask;
			sourceTree = "<group>";
		};
/* End PBXGroup section */

/* Begin PBXNativeTarget section */
		95D1D2FA2CE5CFEA00403334 /* TestTask */ = {
			isa = PBXNativeTarget;
			buildConfigurationList = 95D1D3092CE5CFEC00403334 /* Build configuration list for PBXNativeTarget "TestTask" */;
			buildPhases = (
				95D1D2F72CE5CFEA00403334 /* Sources */,
				95D1D2F82CE5CFEA00403334 /* Frameworks */,
				95D1D2F92CE5CFEA00403334 /* Resources */,
			);
			buildRules = (
			);
			dependencies = (
			);
			name = TestTask;
			productName = TestTask;
			productReference = 95D1D2FB2CE5CFEA00403334 /* TestTask.app */;
			productType = "com.apple.product-type.application";
		};
/* End PBXNativeTarget section */

/* Begin PBXProject section */
		95D1D2F32CE5CFEA00403334 /* Project object */ = {
			isa = PBXProject;
			attributes = {
				BuildIndependentTargetsInParallel = 1;
				LastSwiftUpdateCheck = 1520;
				LastUpgradeCheck = 1520;
				TargetAttributes = {
					95D1D2FA2CE5CFEA00403334 = {
						CreatedOnToolsVersion = 15.2;
					};
				};
			};
			buildConfigurationList = 95D1D2F62CE5CFEA00403334 /* Build configuration list for PBXProject "TestTask" */;
			compatibilityVersion = "Xcode 14.0";
			developmentRegion = en;
			hasScannedForEncodings = 0;
			knownRegions = (
				en,
				Base,
			);
			mainGroup = 95D1D2F22CE5CFEA00403334;
			productRefGroup = 95D1D2FC2CE5CFEA00403334 /* Products */;
			projectDirPath = "";
			projectRoot = "";
			targets = (
				95D1D2FA2CE5CFEA00403334 /* TestTask */,
			);
		};
/* End PBXProject section */

/* Begin PBXResourcesBuildPhase section */
		95D1D2F92CE5CFEA00403334 /* Resources */ = {
			isa = PBXResourcesBuildPhase;
			buildActionMask = 2147483647;
			files = (
				95D1D3032CE5CFEC00403334 /* Assets.xcassets in Resources */,
			);
			runOnlyForDeploymentPostprocessing = 0;
		};
/* End PBXResourcesBuildPhase section */

/* Begin PBXSourcesBuildPhase section */
		95D1D2F72CE5CFEA00403334 /* Sources */ = {
			isa = PBXSourcesBuildPhase;
			buildActionMask = 2147483647;
			files = (
				95D1D3012CE5CFEA00403334 /* HomeView.swift in Sources */,
				95D1D30D2CE5D04400403334 /* CustomTabBar.swift in Sources */,
				95D1D2FF2CE5CFEA00403334 /* TestTaskApp.swift in Sources */,
				95D1D3112CE5D07E00403334 /* DetailView.swift in Sources */,
				95D1D3132CE5D12100403334 /* RoutineTaskView.swift in Sources */,
				95D1D30F2CE5D05900403334 /* RoutineCategoryView.swift in Sources */,
				956370842CE5EB9C007BF4CF /* CustomNavBar.swift in Sources */,
				9563708A2CE60BE4007BF4CF /* Task.swift in Sources */,
				956370882CE60BAC007BF4CF /* Category.swift in Sources */,
			);
			runOnlyForDeploymentPostprocessing = 0;
		};
/* End PBXSourcesBuildPhase section */

/* Begin XCBuildConfiguration section */
		95D1D3072CE5CFEC00403334 /* Debug */ = {
			isa = XCBuildConfiguration;
			buildSettings = {
				ALWAYS_SEARCH_USER_PATHS = NO;
				ASSETCATALOG_COMPILER_GENERATE_SWIFT_ASSET_SYMBOL_EXTENSIONS = YES;
				CLANG_ANALYZER_NONNULL = YES;
				CLANG_ANALYZER_NUMBER_OBJECT_CONVERSION = YES_AGGRESSIVE;
				CLANG_CXX_LANGUAGE_STANDARD = "gnu++20";
				CLANG_ENABLE_MODULES = YES;
				CLANG_ENABLE_OBJC_ARC = YES;
				CLANG_ENABLE_OBJC_WEAK = YES;
				CLANG_WARN_BLOCK_CAPTURE_AUTORELEASING = YES;
				CLANG_WARN_BOOL_CONVERSION = YES;
				CLANG_WARN_COMMA = YES;
				CLANG_WARN_CONSTANT_CONVERSION = YES;
				CLANG_WARN_DEPRECATED_OBJC_IMPLEMENTATIONS = YES;
				CLANG_WARN_DIRECT_OBJC_ISA_USAGE = YES_ERROR;
				CLANG_WARN_DOCUMENTATION_COMMENTS = YES;
				CLANG_WARN_EMPTY_BODY = YES;
				CLANG_WARN_ENUM_CONVERSION = YES;
				CLANG_WARN_INFINITE_RECURSION = YES;
				CLANG_WARN_INT_CONVERSION = YES;
				CLANG_WARN_NON_LITERAL_NULL_CONVERSION = YES;
				CLANG_WARN_OBJC_IMPLICIT_RETAIN_SELF = YES;
				CLANG_WARN_OBJC_LITERAL_CONVERSION = YES;
				CLANG_WARN_OBJC_ROOT_CLASS = YES_ERROR;
				CLANG_WARN_QUOTED_INCLUDE_IN_FRAMEWORK_HEADER = YES;
				CLANG_WARN_RANGE_LOOP_ANALYSIS = YES;
				CLANG_WARN_STRICT_PROTOTYPES = YES;
				CLANG_WARN_SUSPICIOUS_MOVE = YES;
				CLANG_WARN_UNGUARDED_AVAILABILITY = YES_AGGRESSIVE;
				CLANG_WARN_UNREACHABLE_CODE = YES;
				CLANG_WARN__DUPLICATE_METHOD_MATCH = YES;
				COPY_PHASE_STRIP = NO;
				DEBUG_INFORMATION_FORMAT = dwarf;
				ENABLE_STRICT_OBJC_MSGSEND = YES;
				ENABLE_TESTABILITY = YES;
				ENABLE_USER_SCRIPT_SANDBOXING = YES;
				GCC_C_LANGUAGE_STANDARD = gnu17;
				GCC_DYNAMIC_NO_PIC = NO;
				GCC_NO_COMMON_BLOCKS = YES;
				GCC_OPTIMIZATION_LEVEL = 0;
				GCC_PREPROCESSOR_DEFINITIONS = (
					"DEBUG=1",
					"$(inherited)",
				);
				GCC_WARN_64_TO_32_BIT_CONVERSION = YES;
				GCC_WARN_ABOUT_RETURN_TYPE = YES_ERROR;
				GCC_WARN_UNDECLARED_SELECTOR = YES;
				GCC_WARN_UNINITIALIZED_AUTOS = YES_AGGRESSIVE;
				GCC_WARN_UNUSED_FUNCTION = YES;
				GCC_WARN_UNUSED_VARIABLE = YES;
				IPHONEOS_DEPLOYMENT_TARGET = 17.2;
				LOCALIZATION_PREFERS_STRING_CATALOGS = YES;
				MTL_ENABLE_DEBUG_INFO = INCLUDE_SOURCE;
				MTL_FAST_MATH = YES;
				ONLY_ACTIVE_ARCH = YES;
				SDKROOT = iphoneos;
				SWIFT_ACTIVE_COMPILATION_CONDITIONS = "DEBUG $(inherited)";
				SWIFT_OPTIMIZATION_LEVEL = "-Onone";
			};
			name = Debug;
		};
		95D1D3082CE5CFEC00403334 /* Release */ = {
			isa = XCBuildConfiguration;
			buildSettings = {
				ALWAYS_SEARCH_USER_PATHS = NO;
				ASSETCATALOG_COMPILER_GENERATE_SWIFT_ASSET_SYMBOL_EXTENSIONS = YES;
				CLANG_ANALYZER_NONNULL = YES;
				CLANG_ANALYZER_NUMBER_OBJECT_CONVERSION = YES_AGGRESSIVE;
				CLANG_CXX_LANGUAGE_STANDARD = "gnu++20";
				CLANG_ENABLE_MODULES = YES;
				CLANG_ENABLE_OBJC_ARC = YES;
				CLANG_ENABLE_OBJC_WEAK = YES;
				CLANG_WARN_BLOCK_CAPTURE_AUTORELEASING = YES;
				CLANG_WARN_BOOL_CONVERSION = YES;
				CLANG_WARN_COMMA = YES;
				CLANG_WARN_CONSTANT_CONVERSION = YES;
				CLANG_WARN_DEPRECATED_OBJC_IMPLEMENTATIONS = YES;
				CLANG_WARN_DIRECT_OBJC_ISA_USAGE = YES_ERROR;
				CLANG_WARN_DOCUMENTATION_COMMENTS = YES;
				CLANG_WARN_EMPTY_BODY = YES;
				CLANG_WARN_ENUM_CONVERSION = YES;
				CLANG_WARN_INFINITE_RECURSION = YES;
				CLANG_WARN_INT_CONVERSION = YES;
				CLANG_WARN_NON_LITERAL_NULL_CONVERSION = YES;
				CLANG_WARN_OBJC_IMPLICIT_RETAIN_SELF = YES;
				CLANG_WARN_OBJC_LITERAL_CONVERSION = YES;
				CLANG_WARN_OBJC_ROOT_CLASS = YES_ERROR;
				CLANG_WARN_QUOTED_INCLUDE_IN_FRAMEWORK_HEADER = YES;
				CLANG_WARN_RANGE_LOOP_ANALYSIS = YES;
				CLANG_WARN_STRICT_PROTOTYPES = YES;
				CLANG_WARN_SUSPICIOUS_MOVE = YES;
				CLANG_WARN_UNGUARDED_AVAILABILITY = YES_AGGRESSIVE;
				CLANG_WARN_UNREACHABLE_CODE = YES;
				CLANG_WARN__DUPLICATE_METHOD_MATCH = YES;
				COPY_PHASE_STRIP = NO;
				DEBUG_INFORMATION_FORMAT = "dwarf-with-dsym";
				ENABLE_NS_ASSERTIONS = NO;
				ENABLE_STRICT_OBJC_MSGSEND = YES;
				ENABLE_USER_SCRIPT_SANDBOXING = YES;
				GCC_C_LANGUAGE_STANDARD = gnu17;
				GCC_NO_COMMON_BLOCKS = YES;
				GCC_WARN_64_TO_32_BIT_CONVERSION = YES;
				GCC_WARN_ABOUT_RETURN_TYPE = YES_ERROR;
				GCC_WARN_UNDECLARED_SELECTOR = YES;
				GCC_WARN_UNINITIALIZED_AUTOS = YES_AGGRESSIVE;
				GCC_WARN_UNUSED_FUNCTION = YES;
				GCC_WARN_UNUSED_VARIABLE = YES;
				IPHONEOS_DEPLOYMENT_TARGET = 17.2;
				LOCALIZATION_PREFERS_STRING_CATALOGS = YES;
				MTL_ENABLE_DEBUG_INFO = NO;
				MTL_FAST_MATH = YES;
				SDKROOT = iphoneos;
				SWIFT_COMPILATION_MODE = wholemodule;
				VALIDATE_PRODUCT = YES;
			};
			name = Release;
		};
		95D1D30A2CE5CFEC00403334 /* Debug */ = {
			isa = XCBuildConfiguration;
			buildSettings = {
				ASSETCATALOG_COMPILER_APPICON_NAME = AppIcon;
				ASSETCATALOG_COMPILER_GLOBAL_ACCENT_COLOR_NAME = AccentColor;
				CODE_SIGN_STYLE = Automatic;
				CURRENT_PROJECT_VERSION = 1;
				DEVELOPMENT_ASSET_PATHS = "\"TestTask/Preview Content\"";
				DEVELOPMENT_TEAM = X8E2R8HQQL;
				ENABLE_PREVIEWS = YES;
				GENERATE_INFOPLIST_FILE = YES;
				INFOPLIST_KEY_UIApplicationSceneManifest_Generation = YES;
				INFOPLIST_KEY_UIApplicationSupportsIndirectInputEvents = YES;
				INFOPLIST_KEY_UILaunchScreen_Generation = YES;
				INFOPLIST_KEY_UISupportedInterfaceOrientations_iPad = "UIInterfaceOrientationPortrait UIInterfaceOrientationPortraitUpsideDown UIInterfaceOrientationLandscapeLeft UIInterfaceOrientationLandscapeRight";
				INFOPLIST_KEY_UISupportedInterfaceOrientations_iPhone = "UIInterfaceOrientationPortrait UIInterfaceOrientationLandscapeLeft UIInterfaceOrientationLandscapeRight";
				LD_RUNPATH_SEARCH_PATHS = (
					"$(inherited)",
					"@executable_path/Frameworks",
				);
				MARKETING_VERSION = 1.0;
				PRODUCT_BUNDLE_IDENTIFIER = "Anna-Alimanova.TestTask";
				PRODUCT_NAME = "$(TARGET_NAME)";
				SWIFT_EMIT_LOC_STRINGS = YES;
				SWIFT_VERSION = 5.0;
				TARGETED_DEVICE_FAMILY = "1,2";
			};
			name = Debug;
		};
		95D1D30B2CE5CFEC00403334 /* Release */ = {
			isa = XCBuildConfiguration;
			buildSettings = {
				ASSETCATALOG_COMPILER_APPICON_NAME = AppIcon;
				ASSETCATALOG_COMPILER_GLOBAL_ACCENT_COLOR_NAME = AccentColor;
				CODE_SIGN_STYLE = Automatic;
				CURRENT_PROJECT_VERSION = 1;
				DEVELOPMENT_ASSET_PATHS = "\"TestTask/Preview Content\"";
				DEVELOPMENT_TEAM = X8E2R8HQQL;
				ENABLE_PREVIEWS = YES;
				GENERATE_INFOPLIST_FILE = YES;
				INFOPLIST_KEY_UIApplicationSceneManifest_Generation = YES;
				INFOPLIST_KEY_UIApplicationSupportsIndirectInputEvents = YES;
				INFOPLIST_KEY_UILaunchScreen_Generation = YES;
				INFOPLIST_KEY_UISupportedInterfaceOrientations_iPad = "UIInterfaceOrientationPortrait UIInterfaceOrientationPortraitUpsideDown UIInterfaceOrientationLandscapeLeft UIInterfaceOrientationLandscapeRight";
				INFOPLIST_KEY_UISupportedInterfaceOrientations_iPhone = "UIInterfaceOrientationPortrait UIInterfaceOrientationLandscapeLeft UIInterfaceOrientationLandscapeRight";
				LD_RUNPATH_SEARCH_PATHS = (
					"$(inherited)",
					"@executable_path/Frameworks",
				);
				MARKETING_VERSION = 1.0;
				PRODUCT_BUNDLE_IDENTIFIER = "Anna-Alimanova.TestTask";
				PRODUCT_NAME = "$(TARGET_NAME)";
				SWIFT_EMIT_LOC_STRINGS = YES;
				SWIFT_VERSION = 5.0;
				TARGETED_DEVICE_FAMILY = "1,2";
			};
			name = Release;
		};
/* End XCBuildConfiguration section */

/* Begin XCConfigurationList section */
		95D1D2F62CE5CFEA00403334 /* Build configuration list for PBXProject "TestTask" */ = {
			isa = XCConfigurationList;
			buildConfigurations = (
				95D1D3072CE5CFEC00403334 /* Debug */,
				95D1D3082CE5CFEC00403334 /* Release */,
			);
			defaultConfigurationIsVisible = 0;
			defaultConfigurationName = Release;
		};
		95D1D3092CE5CFEC00403334 /* Build configuration list for PBXNativeTarget "TestTask" */ = {
			isa = XCConfigurationList;
			buildConfigurations = (
				95D1D30A2CE5CFEC00403334 /* Debug */,
				95D1D30B2CE5CFEC00403334 /* Release */,
			);
			defaultConfigurationIsVisible = 0;
			defaultConfigurationName = Release;
		};
/* End XCConfigurationList section */
	};
	rootObject = 95D1D2F32CE5CFEA00403334 /* Project object */;
}
